
Microsoft Visual Studio Solution File, Format Version 12.00
# Visual Studio 15
VisualStudioVersion = 15.0.27004.2006
MinimumVisualStudioVersion = 10.0.40219.1
Project("{FAE04EC0-301F-11D3-BF4B-00C04F79EFBC}") = "MakerspaceSchedulerProject", "MakerspaceSchedulerProject\MakerspaceSchedulerProject.csproj", "{C0AE91D8-72B0-4404-BDA5-10D9E39678A0}"
EndProject
Global
	GlobalSection(SolutionConfigurationPlatforms) = preSolution
		Debug|Any CPU = Debug|Any CPU
		Release|Any CPU = Release|Any CPU
	EndGlobalSection
	GlobalSection(ProjectConfigurationPlatforms) = postSolution
		{C0AE91D8-72B0-4404-BDA5-10D9E39678A0}.Debug|Any CPU.ActiveCfg = Debug|Any CPU
		{C0AE91D8-72B0-4404-BDA5-10D9E39678A0}.Debug|Any CPU.Build.0 = Debug|Any CPU
		{C0AE91D8-72B0-4404-BDA5-10D9E39678A0}.Release|Any CPU.ActiveCfg = Release|Any CPU
		{C0AE91D8-72B0-4404-BDA5-10D9E39678A0}.Release|Any CPU.Build.0 = Release|Any CPU
	EndGlobalSection
	GlobalSection(SolutionProperties) = preSolution
		HideSolutionNode = FALSE
	EndGlobalSection
	GlobalSection(ExtensibilityGlobals) = postSolution
		SolutionGuid = {C99B1240-8215-4A69-ADCD-B262A944D61F}
	EndGlobalSection
EndGlobal
